// !$*UTF8*$!
{
	archiveVersion = 1;
	classes = {
	};
	objectVersion = 46;
	objects = {

/* Begin PBXBuildFile section */
		6BF0FB29919D89A1668DD3DD /* Pods_Sina_Swift.framework in Frameworks */ = {isa = PBXBuildFile; fileRef = 988CDEC6DBF92BEBE7EC726F /* Pods_Sina_Swift.framework */; };
		7617649B1EE93E5D00BA2CEF /* AppDelegate.swift in Sources */ = {isa = PBXBuildFile; fileRef = 7617649A1EE93E5D00BA2CEF /* AppDelegate.swift */; };
		761764A01EE93E5D00BA2CEF /* Main.storyboard in Resources */ = {isa = PBXBuildFile; fileRef = 7617649E1EE93E5D00BA2CEF /* Main.storyboard */; };
		761764A31EE93E5D00BA2CEF /* Sina_Swift.xcdatamodeld in Sources */ = {isa = PBXBuildFile; fileRef = 761764A11EE93E5D00BA2CEF /* Sina_Swift.xcdatamodeld */; };
		761764A51EE93E5D00BA2CEF /* Assets.xcassets in Resources */ = {isa = PBXBuildFile; fileRef = 761764A41EE93E5D00BA2CEF /* Assets.xcassets */; };
		761764A81EE93E5D00BA2CEF /* LaunchScreen.storyboard in Resources */ = {isa = PBXBuildFile; fileRef = 761764A61EE93E5D00BA2CEF /* LaunchScreen.storyboard */; };
		761764B61EE94B2000BA2CEF /* BYLoadingTool.swift in Sources */ = {isa = PBXBuildFile; fileRef = 761764B01EE94B2000BA2CEF /* BYLoadingTool.swift */; };
		761764B71EE94B2000BA2CEF /* BYNetRequest.swift in Sources */ = {isa = PBXBuildFile; fileRef = 761764B11EE94B2000BA2CEF /* BYNetRequest.swift */; };
		761764B81EE94B2000BA2CEF /* BYTopImageBottomTitleButton.swift in Sources */ = {isa = PBXBuildFile; fileRef = 761764B21EE94B2000BA2CEF /* BYTopImageBottomTitleButton.swift */; };
		761764BA1EE94B2000BA2CEF /* Category.swift in Sources */ = {isa = PBXBuildFile; fileRef = 761764B41EE94B2000BA2CEF /* Category.swift */; };
		761764BB1EE94B2000BA2CEF /* Common.swift in Sources */ = {isa = PBXBuildFile; fileRef = 761764B51EE94B2000BA2CEF /* Common.swift */; };
		761764C01EE94B9600BA2CEF /* WZLoginViewController.swift in Sources */ = {isa = PBXBuildFile; fileRef = 761764BF1EE94B9600BA2CEF /* WZLoginViewController.swift */; };
		761764C21EE951E900BA2CEF /* WZHomeViewController.swift in Sources */ = {isa = PBXBuildFile; fileRef = 761764C11EE951E900BA2CEF /* WZHomeViewController.swift */; };
		761764C41EE9543100BA2CEF /* WZUserAcessToken.swift in Sources */ = {isa = PBXBuildFile; fileRef = 761764C31EE9543100BA2CEF /* WZUserAcessToken.swift */; };
		76B464C81EEAA077007EC53E /* WZUserInfoView.swift in Sources */ = {isa = PBXBuildFile; fileRef = 76B464C71EEAA077007EC53E /* WZUserInfoView.swift */; };
		76B5DA281EEE6B23003DA2DF /* WZTableViewCell.swift in Sources */ = {isa = PBXBuildFile; fileRef = 76B5DA271EEE6B23003DA2DF /* WZTableViewCell.swift */; };
		76B5DA2A1EEE9255003DA2DF /* WZHomeModel.swift in Sources */ = {isa = PBXBuildFile; fileRef = 76B5DA291EEE9255003DA2DF /* WZHomeModel.swift */; };
		76B5DA2C1EEF7CDB003DA2DF /* WZPicCollectionView.swift in Sources */ = {isa = PBXBuildFile; fileRef = 76B5DA2B1EEF7CDB003DA2DF /* WZPicCollectionView.swift */; };
		76B5DA2E1EEF9B99003DA2DF /* WZPicCell.swift in Sources */ = {isa = PBXBuildFile; fileRef = 76B5DA2D1EEF9B99003DA2DF /* WZPicCell.swift */; };
		76B5DA301EEFB970003DA2DF /* WZTransmitView.swift in Sources */ = {isa = PBXBuildFile; fileRef = 76B5DA2F1EEFB970003DA2DF /* WZTransmitView.swift */; };
		76B5DA321EEFE406003DA2DF /* WZBrowseImageViewController.swift in Sources */ = {isa = PBXBuildFile; fileRef = 76B5DA311EEFE406003DA2DF /* WZBrowseImageViewController.swift */; };
/* End PBXBuildFile section */

/* Begin PBXFileReference section */
		299A9AA7D7388F0CBBE2B3D1 /* Pods-Sina_Swift.release.xcconfig */ = {isa = PBXFileReference; includeInIndex = 1; lastKnownFileType = text.xcconfig; name = "Pods-Sina_Swift.release.xcconfig"; path = "Pods/Target Support Files/Pods-Sina_Swift/Pods-Sina_Swift.release.xcconfig"; sourceTree = "<group>"; };
		761764971EE93E5D00BA2CEF /* Sina_Swift.app */ = {isa = PBXFileReference; explicitFileType = wrapper.application; includeInIndex = 0; path = Sina_Swift.app; sourceTree = BUILT_PRODUCTS_DIR; };
		7617649A1EE93E5D00BA2CEF /* AppDelegate.swift */ = {isa = PBXFileReference; lastKnownFileType = sourcecode.swift; path = AppDelegate.swift; sourceTree = "<group>"; };
		7617649F1EE93E5D00BA2CEF /* Base */ = {isa = PBXFileReference; lastKnownFileType = file.storyboard; name = Base; path = Base.lproj/Main.storyboard; sourceTree = "<group>"; };
		761764A21EE93E5D00BA2CEF /* Sina_Swift.xcdatamodel */ = {isa = PBXFileReference; lastKnownFileType = wrapper.xcdatamodel; path = Sina_Swift.xcdatamodel; sourceTree = "<group>"; };
		761764A41EE93E5D00BA2CEF /* Assets.xcassets */ = {isa = PBXFileReference; lastKnownFileType = folder.assetcatalog; path = Assets.xcassets; sourceTree = "<group>"; };
		761764A71EE93E5D00BA2CEF /* Base */ = {isa = PBXFileReference; lastKnownFileType = file.storyboard; name = Base; path = Base.lproj/LaunchScreen.storyboard; sourceTree = "<group>"; };
		761764A91EE93E5D00BA2CEF /* Info.plist */ = {isa = PBXFileReference; lastKnownFileType = text.plist.xml; path = Info.plist; sourceTree = "<group>"; };
		761764B01EE94B2000BA2CEF /* BYLoadingTool.swift */ = {isa = PBXFileReference; fileEncoding = 4; lastKnownFileType = sourcecode.swift; path = BYLoadingTool.swift; sourceTree = "<group>"; };
		761764B11EE94B2000BA2CEF /* BYNetRequest.swift */ = {isa = PBXFileReference; fileEncoding = 4; lastKnownFileType = sourcecode.swift; path = BYNetRequest.swift; sourceTree = "<group>"; };
		761764B21EE94B2000BA2CEF /* BYTopImageBottomTitleButton.swift */ = {isa = PBXFileReference; fileEncoding = 4; lastKnownFileType = sourcecode.swift; path = BYTopImageBottomTitleButton.swift; sourceTree = "<group>"; };
		761764B41EE94B2000BA2CEF /* Category.swift */ = {isa = PBXFileReference; fileEncoding = 4; lastKnownFileType = sourcecode.swift; path = Category.swift; sourceTree = "<group>"; };
		761764B51EE94B2000BA2CEF /* Common.swift */ = {isa = PBXFileReference; fileEncoding = 4; lastKnownFileType = sourcecode.swift; path = Common.swift; sourceTree = "<group>"; };
		761764BF1EE94B9600BA2CEF /* WZLoginViewController.swift */ = {isa = PBXFileReference; fileEncoding = 4; lastKnownFileType = sourcecode.swift; path = WZLoginViewController.swift; sourceTree = "<group>"; };
		761764C11EE951E900BA2CEF /* WZHomeViewController.swift */ = {isa = PBXFileReference; fileEncoding = 4; lastKnownFileType = sourcecode.swift; path = WZHomeViewController.swift; sourceTree = "<group>"; };
		761764C31EE9543100BA2CEF /* WZUserAcessToken.swift */ = {isa = PBXFileReference; fileEncoding = 4; lastKnownFileType = sourcecode.swift; path = WZUserAcessToken.swift; sourceTree = "<group>"; };
		76B464C71EEAA077007EC53E /* WZUserInfoView.swift */ = {isa = PBXFileReference; fileEncoding = 4; lastKnownFileType = sourcecode.swift; path = WZUserInfoView.swift; sourceTree = "<group>"; };
		76B5DA271EEE6B23003DA2DF /* WZTableViewCell.swift */ = {isa = PBXFileReference; fileEncoding = 4; lastKnownFileType = sourcecode.swift; path = WZTableViewCell.swift; sourceTree = "<group>"; };
		76B5DA291EEE9255003DA2DF /* WZHomeModel.swift */ = {isa = PBXFileReference; fileEncoding = 4; lastKnownFileType = sourcecode.swift; path = WZHomeModel.swift; sourceTree = "<group>"; };
		76B5DA2B1EEF7CDB003DA2DF /* WZPicCollectionView.swift */ = {isa = PBXFileReference; fileEncoding = 4; lastKnownFileType = sourcecode.swift; path = WZPicCollectionView.swift; sourceTree = "<group>"; };
		76B5DA2D1EEF9B99003DA2DF /* WZPicCell.swift */ = {isa = PBXFileReference; fileEncoding = 4; lastKnownFileType = sourcecode.swift; path = WZPicCell.swift; sourceTree = "<group>"; };
		76B5DA2F1EEFB970003DA2DF /* WZTransmitView.swift */ = {isa = PBXFileReference; fileEncoding = 4; lastKnownFileType = sourcecode.swift; path = WZTransmitView.swift; sourceTree = "<group>"; };
		76B5DA311EEFE406003DA2DF /* WZBrowseImageViewController.swift */ = {isa = PBXFileReference; fileEncoding = 4; lastKnownFileType = sourcecode.swift; path = WZBrowseImageViewController.swift; sourceTree = "<group>"; };
		988CDEC6DBF92BEBE7EC726F /* Pods_Sina_Swift.framework */ = {isa = PBXFileReference; explicitFileType = wrapper.framework; includeInIndex = 0; path = Pods_Sina_Swift.framework; sourceTree = BUILT_PRODUCTS_DIR; };
		A9C7616B93C66E20A143B91F /* Pods-Sina_Swift.debug.xcconfig */ = {isa = PBXFileReference; includeInIndex = 1; lastKnownFileType = text.xcconfig; name = "Pods-Sina_Swift.debug.xcconfig"; path = "Pods/Target Support Files/Pods-Sina_Swift/Pods-Sina_Swift.debug.xcconfig"; sourceTree = "<group>"; };
/* End PBXFileReference section */

/* Begin PBXFrameworksBuildPhase section */
		761764941EE93E5D00BA2CEF /* Frameworks */ = {
			isa = PBXFrameworksBuildPhase;
			buildActionMask = 2147483647;
			files = (
				6BF0FB29919D89A1668DD3DD /* Pods_Sina_Swift.framework in Frameworks */,
			);
			runOnlyForDeploymentPostprocessing = 0;
		};
/* End PBXFrameworksBuildPhase section */

/* Begin PBXGroup section */
		7617648E1EE93E5D00BA2CEF = {
			isa = PBXGroup;
			children = (
				761764991EE93E5D00BA2CEF /* Sina_Swift */,
				761764981EE93E5D00BA2CEF /* Products */,
				9BE5DFD3CFDC155079A1810C /* Pods */,
				D4B5CA241229A27578EED137 /* Frameworks */,
			);
			sourceTree = "<group>";
		};
		761764981EE93E5D00BA2CEF /* Products */ = {
			isa = PBXGroup;
			children = (
				761764971EE93E5D00BA2CEF /* Sina_Swift.app */,
			);
			name = Products;
			sourceTree = "<group>";
		};
		761764991EE93E5D00BA2CEF /* Sina_Swift */ = {
			isa = PBXGroup;
			children = (
				761764BC1EE94B6D00BA2CEF /* Controllers */,
				761764BD1EE94B6D00BA2CEF /* Models */,
				761764BE1EE94B6D00BA2CEF /* Views */,
				761764AF1EE94B2000BA2CEF /* Tools */,
				7617649A1EE93E5D00BA2CEF /* AppDelegate.swift */,
				7617649E1EE93E5D00BA2CEF /* Main.storyboard */,
				761764A41EE93E5D00BA2CEF /* Assets.xcassets */,
				761764A61EE93E5D00BA2CEF /* LaunchScreen.storyboard */,
				761764A91EE93E5D00BA2CEF /* Info.plist */,
				761764A11EE93E5D00BA2CEF /* Sina_Swift.xcdatamodeld */,
			);
			path = Sina_Swift;
			sourceTree = "<group>";
		};
		761764AF1EE94B2000BA2CEF /* Tools */ = {
			isa = PBXGroup;
			children = (
				761764B01EE94B2000BA2CEF /* BYLoadingTool.swift */,
				761764B11EE94B2000BA2CEF /* BYNetRequest.swift */,
				761764B21EE94B2000BA2CEF /* BYTopImageBottomTitleButton.swift */,
				761764B41EE94B2000BA2CEF /* Category.swift */,
				761764B51EE94B2000BA2CEF /* Common.swift */,
				761764C31EE9543100BA2CEF /* WZUserAcessToken.swift */,
			);
			path = Tools;
			sourceTree = "<group>";
		};
		761764BC1EE94B6D00BA2CEF /* Controllers */ = {
			isa = PBXGroup;
			children = (
				761764BF1EE94B9600BA2CEF /* WZLoginViewController.swift */,
				761764C11EE951E900BA2CEF /* WZHomeViewController.swift */,
				76B5DA311EEFE406003DA2DF /* WZBrowseImageViewController.swift */,
			);
			path = Controllers;
			sourceTree = "<group>";
		};
		761764BD1EE94B6D00BA2CEF /* Models */ = {
			isa = PBXGroup;
			children = (
				76B5DA291EEE9255003DA2DF /* WZHomeModel.swift */,
			);
			path = Models;
			sourceTree = "<group>";
		};
		761764BE1EE94B6D00BA2CEF /* Views */ = {
			isa = PBXGroup;
			children = (
				76B464C71EEAA077007EC53E /* WZUserInfoView.swift */,
				76B5DA271EEE6B23003DA2DF /* WZTableViewCell.swift */,
				76B5DA2B1EEF7CDB003DA2DF /* WZPicCollectionView.swift */,
				76B5DA2D1EEF9B99003DA2DF /* WZPicCell.swift */,
				76B5DA2F1EEFB970003DA2DF /* WZTransmitView.swift */,
			);
			path = Views;
			sourceTree = "<group>";
		};
		9BE5DFD3CFDC155079A1810C /* Pods */ = {
			isa = PBXGroup;
			children = (
				A9C7616B93C66E20A143B91F /* Pods-Sina_Swift.debug.xcconfig */,
				299A9AA7D7388F0CBBE2B3D1 /* Pods-Sina_Swift.release.xcconfig */,
			);
			name = Pods;
			sourceTree = "<group>";
		};
		D4B5CA241229A27578EED137 /* Frameworks */ = {
			isa = PBXGroup;
			children = (
				988CDEC6DBF92BEBE7EC726F /* Pods_Sina_Swift.framework */,
			);
			name = Frameworks;
			sourceTree = "<group>";
		};
/* End PBXGroup section */

/* Begin PBXNativeTarget section */
		761764961EE93E5D00BA2CEF /* Sina_Swift */ = {
			isa = PBXNativeTarget;
			buildConfigurationList = 761764AC1EE93E5D00BA2CEF /* Build configuration list for PBXNativeTarget "Sina_Swift" */;
			buildPhases = (
				0285BB39A8101FB74E17B335 /* [CP] Check Pods Manifest.lock */,
				761764931EE93E5D00BA2CEF /* Sources */,
				761764941EE93E5D00BA2CEF /* Frameworks */,
				761764951EE93E5D00BA2CEF /* Resources */,
				EF66B9AA489E905100B93ABB /* [CP] Embed Pods Frameworks */,
				C0320376880A4222827ED3B8 /* [CP] Copy Pods Resources */,
			);
			buildRules = (
			);
			dependencies = (
			);
			name = Sina_Swift;
			productName = Sina_Swift;
			productReference = 761764971EE93E5D00BA2CEF /* Sina_Swift.app */;
			productType = "com.apple.product-type.application";
		};
/* End PBXNativeTarget section */

/* Begin PBXProject section */
		7617648F1EE93E5D00BA2CEF /* Project object */ = {
			isa = PBXProject;
			attributes = {
				CLASSPREFIX = WZ;
				LastSwiftUpdateCheck = 0830;
				LastUpgradeCheck = 0830;
				ORGANIZATIONNAME = Arther;
				TargetAttributes = {
					761764961EE93E5D00BA2CEF = {
						CreatedOnToolsVersion = 8.3.2;
						DevelopmentTeam = ZVAE795T6V;
						ProvisioningStyle = Automatic;
					};
				};
			};
			buildConfigurationList = 761764921EE93E5D00BA2CEF /* Build configuration list for PBXProject "Sina_Swift" */;
			compatibilityVersion = "Xcode 3.2";
			developmentRegion = English;
			hasScannedForEncodings = 0;
			knownRegions = (
				en,
				Base,
			);
			mainGroup = 7617648E1EE93E5D00BA2CEF;
			productRefGroup = 761764981EE93E5D00BA2CEF /* Products */;
			projectDirPath = "";
			projectRoot = "";
			targets = (
				761764961EE93E5D00BA2CEF /* Sina_Swift */,
			);
		};
/* End PBXProject section */

/* Begin PBXResourcesBuildPhase section */
		761764951EE93E5D00BA2CEF /* Resources */ = {
			isa = PBXResourcesBuildPhase;
			buildActionMask = 2147483647;
			files = (
				761764A81EE93E5D00BA2CEF /* LaunchScreen.storyboard in Resources */,
				761764A51EE93E5D00BA2CEF /* Assets.xcassets in Resources */,
				761764A01EE93E5D00BA2CEF /* Main.storyboard in Resources */,
			);
			runOnlyForDeploymentPostprocessing = 0;
		};
/* End PBXResourcesBuildPhase section */

/* Begin PBXShellScriptBuildPhase section */
		0285BB39A8101FB74E17B335 /* [CP] Check Pods Manifest.lock */ = {
			isa = PBXShellScriptBuildPhase;
			buildActionMask = 2147483647;
			files = (
			);
			inputPaths = (
			);
			name = "[CP] Check Pods Manifest.lock";
			outputPaths = (
			);
			runOnlyForDeploymentPostprocessing = 0;
			shellPath = /bin/sh;
			shellScript = "diff \"${PODS_ROOT}/../Podfile.lock\" \"${PODS_ROOT}/Manifest.lock\" > /dev/null\nif [ $? != 0 ] ; then\n    # print error to STDERR\n    echo \"error: The sandbox is not in sync with the Podfile.lock. Run 'pod install' or update your CocoaPods installation.\" >&2\n    exit 1\nfi\n";
			showEnvVarsInLog = 0;
		};
		C0320376880A4222827ED3B8 /* [CP] Copy Pods Resources */ = {
			isa = PBXShellScriptBuildPhase;
			buildActionMask = 2147483647;
			files = (
			);
			inputPaths = (
			);
			name = "[CP] Copy Pods Resources";
			outputPaths = (
			);
			runOnlyForDeploymentPostprocessing = 0;
			shellPath = /bin/sh;
			shellScript = "\"${SRCROOT}/Pods/Target Support Files/Pods-Sina_Swift/Pods-Sina_Swift-resources.sh\"\n";
			showEnvVarsInLog = 0;
		};
		EF66B9AA489E905100B93ABB /* [CP] Embed Pods Frameworks */ = {
			isa = PBXShellScriptBuildPhase;
			buildActionMask = 2147483647;
			files = (
			);
			inputPaths = (
			);
			name = "[CP] Embed Pods Frameworks";
			outputPaths = (
			);
			runOnlyForDeploymentPostprocessing = 0;
			shellPath = /bin/sh;
			shellScript = "\"${SRCROOT}/Pods/Target Support Files/Pods-Sina_Swift/Pods-Sina_Swift-frameworks.sh\"\n";
			showEnvVarsInLog = 0;
		};
/* End PBXShellScriptBuildPhase section */

/* Begin PBXSourcesBuildPhase section */
		761764931EE93E5D00BA2CEF /* Sources */ = {
			isa = PBXSourcesBuildPhase;
			buildActionMask = 2147483647;
			files = (
				76B5DA2E1EEF9B99003DA2DF /* WZPicCell.swift in Sources */,
				761764C21EE951E900BA2CEF /* WZHomeViewController.swift in Sources */,
				761764B71EE94B2000BA2CEF /* BYNetRequest.swift in Sources */,
				761764C01EE94B9600BA2CEF /* WZLoginViewController.swift in Sources */,
				761764B61EE94B2000BA2CEF /* BYLoadingTool.swift in Sources */,
				761764BB1EE94B2000BA2CEF /* Common.swift in Sources */,
				7617649B1EE93E5D00BA2CEF /* AppDelegate.swift in Sources */,
				76B5DA2A1EEE9255003DA2DF /* WZHomeModel.swift in Sources */,
				76B5DA321EEFE406003DA2DF /* WZBrowseImageViewController.swift in Sources */,
				761764B81EE94B2000BA2CEF /* BYTopImageBottomTitleButton.swift in Sources */,
				76B5DA2C1EEF7CDB003DA2DF /* WZPicCollectionView.swift in Sources */,
				761764A31EE93E5D00BA2CEF /* Sina_Swift.xcdatamodeld in Sources */,
				76B5DA281EEE6B23003DA2DF /* WZTableViewCell.swift in Sources */,
				761764BA1EE94B2000BA2CEF /* Category.swift in Sources */,
				76B5DA301EEFB970003DA2DF /* WZTransmitView.swift in Sources */,
				761764C41EE9543100BA2CEF /* WZUserAcessToken.swift in Sources */,
				76B464C81EEAA077007EC53E /* WZUserInfoView.swift in Sources */,
			);
			runOnlyForDeploymentPostprocessing = 0;
		};
/* End PBXSourcesBuildPhase section */

/* Begin PBXVariantGroup section */
		7617649E1EE93E5D00BA2CEF /* Main.storyboard */ = {
			isa = PBXVariantGroup;
			children = (
				7617649F1EE93E5D00BA2CEF /* Base */,
			);
			name = Main.storyboard;
			sourceTree = "<group>";
		};
		761764A61EE93E5D00BA2CEF /* LaunchScreen.storyboard */ = {
			isa = PBXVariantGroup;
			children = (
				761764A71EE93E5D00BA2CEF /* Base */,
			);
			name = LaunchScreen.storyboard;
			sourceTree = "<group>";
		};
/* End PBXVariantGroup section */

/* Begin XCBuildConfiguration section */
		761764AA1EE93E5D00BA2CEF /* Debug */ = {
			isa = XCBuildConfiguration;
			buildSettings = {
				ALWAYS_SEARCH_USER_PATHS = NO;
				CLANG_ANALYZER_NONNULL = YES;
				CLANG_ANALYZER_NUMBER_OBJECT_CONVERSION = YES_AGGRESSIVE;
				CLANG_CXX_LANGUAGE_STANDARD = "gnu++0x";
				CLANG_CXX_LIBRARY = "libc++";
				CLANG_ENABLE_MODULES = YES;
				CLANG_ENABLE_OBJC_ARC = YES;
				CLANG_WARN_BOOL_CONVERSION = YES;
				CLANG_WARN_CONSTANT_CONVERSION = YES;
				CLANG_WARN_DIRECT_OBJC_ISA_USAGE = YES_ERROR;
				CLANG_WARN_DOCUMENTATION_COMMENTS = YES;
				CLANG_WARN_EMPTY_BODY = YES;
				CLANG_WARN_ENUM_CONVERSION = YES;
				CLANG_WARN_INFINITE_RECURSION = YES;
				CLANG_WARN_INT_CONVERSION = YES;
				CLANG_WARN_OBJC_ROOT_CLASS = YES_ERROR;
				CLANG_WARN_SUSPICIOUS_MOVE = YES;
				CLANG_WARN_UNREACHABLE_CODE = YES;
				CLANG_WARN__DUPLICATE_METHOD_MATCH = YES;
				"CODE_SIGN_IDENTITY[sdk=iphoneos*]" = "iPhone Developer";
				COPY_PHASE_STRIP = NO;
				DEBUG_INFORMATION_FORMAT = dwarf;
				ENABLE_STRICT_OBJC_MSGSEND = YES;
				ENABLE_TESTABILITY = YES;
				GCC_C_LANGUAGE_STANDARD = gnu99;
				GCC_DYNAMIC_NO_PIC = NO;
				GCC_NO_COMMON_BLOCKS = YES;
				GCC_OPTIMIZATION_LEVEL = 0;
				GCC_PREPROCESSOR_DEFINITIONS = (
					"DEBUG=1",
					"$(inherited)",
				);
				GCC_WARN_64_TO_32_BIT_CONVERSION = YES;
				GCC_WARN_ABOUT_RETURN_TYPE = YES_ERROR;
				GCC_WARN_UNDECLARED_SELECTOR = YES;
				GCC_WARN_UNINITIALIZED_AUTOS = YES_AGGRESSIVE;
				GCC_WARN_UNUSED_FUNCTION = YES;
				GCC_WARN_UNUSED_VARIABLE = YES;
				IPHONEOS_DEPLOYMENT_TARGET = 10.3;
				MTL_ENABLE_DEBUG_INFO = YES;
				ONLY_ACTIVE_ARCH = YES;
				SDKROOT = iphoneos;
				SWIFT_ACTIVE_COMPILATION_CONDITIONS = DEBUG;
				SWIFT_OPTIMIZATION_LEVEL = "-Onone";
			};
			name = Debug;
		};
		761764AB1EE93E5D00BA2CEF /* Release */ = {
			isa = XCBuildConfiguration;
			buildSettings = {
				ALWAYS_SEARCH_USER_PATHS = NO;
				CLANG_ANALYZER_NONNULL = YES;
				CLANG_ANALYZER_NUMBER_OBJECT_CONVERSION = YES_AGGRESSIVE;
				CLANG_CXX_LANGUAGE_STANDARD = "gnu++0x";
				CLANG_CXX_LIBRARY = "libc++";
				CLANG_ENABLE_MODULES = YES;
				CLANG_ENABLE_OBJC_ARC = YES;
				CLANG_WARN_BOOL_CONVERSION = YES;
				CLANG_WARN_CONSTANT_CONVERSION = YES;
				CLANG_WARN_DIRECT_OBJC_ISA_USAGE = YES_ERROR;
				CLANG_WARN_DOCUMENTATION_COMMENTS = YES;
				CLANG_WARN_EMPTY_BODY = YES;
				CLANG_WARN_ENUM_CONVERSION = YES;
				CLANG_WARN_INFINITE_RECURSION = YES;
				CLANG_WARN_INT_CONVERSION = YES;
				CLANG_WARN_OBJC_ROOT_CLASS = YES_ERROR;
				CLANG_WARN_SUSPICIOUS_MOVE = YES;
				CLANG_WARN_UNREACHABLE_CODE = YES;
				CLANG_WARN__DUPLICATE_METHOD_MATCH = YES;
				"CODE_SIGN_IDENTITY[sdk=iphoneos*]" = "iPhone Developer";
				COPY_PHASE_STRIP = NO;
				DEBUG_INFORMATION_FORMAT = "dwarf-with-dsym";
				ENABLE_NS_ASSERTIONS = NO;
				ENABLE_STRICT_OBJC_MSGSEND = YES;
				GCC_C_LANGUAGE_STANDARD = gnu99;
				GCC_NO_COMMON_BLOCKS = YES;
				GCC_WARN_64_TO_32_BIT_CONVERSION = YES;
				GCC_WARN_ABOUT_RETURN_TYPE = YES_ERROR;
				GCC_WARN_UNDECLARED_SELECTOR = YES;
				GCC_WARN_UNINITIALIZED_AUTOS = YES_AGGRESSIVE;
				GCC_WARN_UNUSED_FUNCTION = YES;
				GCC_WARN_UNUSED_VARIABLE = YES;
				IPHONEOS_DEPLOYMENT_TARGET = 10.3;
				MTL_ENABLE_DEBUG_INFO = NO;
				SDKROOT = iphoneos;
				SWIFT_OPTIMIZATION_LEVEL = "-Owholemodule";
				VALIDATE_PRODUCT = YES;
			};
			name = Release;
		};
		761764AD1EE93E5D00BA2CEF /* Debug */ = {
			isa = XCBuildConfiguration;
			baseConfigurationReference = A9C7616B93C66E20A143B91F /* Pods-Sina_Swift.debug.xcconfig */;
			buildSettings = {
				ASSETCATALOG_COMPILER_APPICON_NAME = AppIcon;
				DEVELOPMENT_TEAM = ZVAE795T6V;
				INFOPLIST_FILE = Sina_Swift/Info.plist;
				IPHONEOS_DEPLOYMENT_TARGET = 8.0;
				LD_RUNPATH_SEARCH_PATHS = "$(inherited) @executable_path/Frameworks";
				PRODUCT_BUNDLE_IDENTIFIER = "com.github.553559555.Sina-Swift";
				PRODUCT_NAME = "$(TARGET_NAME)";
				SWIFT_VERSION = 3.0;
			};
			name = Debug;
		};
		761764AE1EE93E5D00BA2CEF /* Release */ = {
			isa = XCBuildConfiguration;
			baseConfigurationReference = 299A9AA7D7388F0CBBE2B3D1 /* Pods-Sina_Swift.release.xcconfig */;
			buildSettings = {
				ASSETCATALOG_COMPILER_APPICON_NAME = AppIcon;
				DEVELOPMENT_TEAM = ZVAE795T6V;
				INFOPLIST_FILE = Sina_Swift/Info.plist;
				IPHONEOS_DEPLOYMENT_TARGET = 8.0;
				LD_RUNPATH_SEARCH_PATHS = "$(inherited) @executable_path/Frameworks";
				PRODUCT_BUNDLE_IDENTIFIER = "com.github.553559555.Sina-Swift";
				PRODUCT_NAME = "$(TARGET_NAME)";
				SWIFT_VERSION = 3.0;
			};
			name = Release;
		};
/* End XCBuildConfiguration section */

/* Begin XCConfigurationList section */
		761764921EE93E5D00BA2CEF /* Build configuration list for PBXProject "Sina_Swift" */ = {
			isa = XCConfigurationList;
			buildConfigurations = (
				761764AA1EE93E5D00BA2CEF /* Debug */,
				761764AB1EE93E5D00BA2CEF /* Release */,
			);
			defaultConfigurationIsVisible = 0;
			defaultConfigurationName = Release;
		};
		761764AC1EE93E5D00BA2CEF /* Build configuration list for PBXNativeTarget "Sina_Swift" */ = {
			isa = XCConfigurationList;
			buildConfigurations = (
				761764AD1EE93E5D00BA2CEF /* Debug */,
				761764AE1EE93E5D00BA2CEF /* Release */,
			);
			defaultConfigurationIsVisible = 0;
			defaultConfigurationName = Release;
		};
/* End XCConfigurationList section */

/* Begin XCVersionGroup section */
		761764A11EE93E5D00BA2CEF /* Sina_Swift.xcdatamodeld */ = {
			isa = XCVersionGroup;
			children = (
				761764A21EE93E5D00BA2CEF /* Sina_Swift.xcdatamodel */,
			);
			currentVersion = 761764A21EE93E5D00BA2CEF /* Sina_Swift.xcdatamodel */;
			path = Sina_Swift.xcdatamodeld;
			sourceTree = "<group>";
			versionGroupType = wrapper.xcdatamodel;
		};
/* End XCVersionGroup section */
	};
	rootObject = 7617648F1EE93E5D00BA2CEF /* Project object */;
}
